
Microsoft Visual Studio Solution File, Format Version 12.00
# Visual Studio Version 17
VisualStudioVersion = 17.9.34607.119
MinimumVisualStudioVersion = 10.0.40219.1
Project("{FAE04EC0-301F-11D3-BF4B-00C04F79EFBC}") = "Web", "Web\Web.csproj", "{7EE1772D-A372-4B35-AE81-1DA34BEF5FA3}"
EndProject
Project("{FAE04EC0-301F-11D3-BF4B-00C04F79EFBC}") = "Domain", "Domain\Domain.csproj", "{66F445D3-9BE3-44A6-A261-84E9467AEC4B}"
EndProject
Global
	GlobalSection(SolutionConfigurationPlatforms) = preSolution
		Debug|Any CPU = Debug|Any CPU
		Release|Any CPU = Release|Any CPU
	EndGlobalSection
	GlobalSection(ProjectConfigurationPlatforms) = postSolution
		{7EE1772D-A372-4B35-AE81-1DA34BEF5FA3}.Debug|Any CPU.ActiveCfg = Debug|Any CPU
		{7EE1772D-A372-4B35-AE81-1DA34BEF5FA3}.Debug|Any CPU.Build.0 = Debug|Any CPU
		{7EE1772D-A372-4B35-AE81-1DA34BEF5FA3}.Release|Any CPU.ActiveCfg = Release|Any CPU
		{7EE1772D-A372-4B35-AE81-1DA34BEF5FA3}.Release|Any CPU.Build.0 = Release|Any CPU
		{66F445D3-9BE3-44A6-A261-84E9467AEC4B}.Debug|Any CPU.ActiveCfg = Debug|Any CPU
		{66F445D3-9BE3-44A6-A261-84E9467AEC4B}.Debug|Any CPU.Build.0 = Debug|Any CPU
		{66F445D3-9BE3-44A6-A261-84E9467AEC4B}.Release|Any CPU.ActiveCfg = Release|Any CPU
		{66F445D3-9BE3-44A6-A261-84E9467AEC4B}.Release|Any CPU.Build.0 = Release|Any CPU
	EndGlobalSection
	GlobalSection(SolutionProperties) = preSolution
		HideSolutionNode = FALSE
	EndGlobalSection
	GlobalSection(ExtensibilityGlobals) = postSolution
		SolutionGuid = {DAE3AD76-1628-4F5C-B0F2-9E83A952DDBF}
	EndGlobalSection
EndGlobal
